// !$*UTF8*$!
{
	archiveVersion = 1;
	classes = {
	};
	objectVersion = 56;
	objects = {

/* Begin PBXBuildFile section */
		CD053ABD2B73DB3D00237D5E /* AppDelegate.swift in Sources */ = {isa = PBXBuildFile; fileRef = CD053ABC2B73DB3D00237D5E /* AppDelegate.swift */; };
		CD053AC62B73DB3E00237D5E /* Assets.xcassets in Resources */ = {isa = PBXBuildFile; fileRef = CD053AC52B73DB3E00237D5E /* Assets.xcassets */; };
		CD053AD22B73DBCF00237D5E /* HomeViewController.swift in Sources */ = {isa = PBXBuildFile; fileRef = CD053AD02B73DBCF00237D5E /* HomeViewController.swift */; };
		CD053AD32B73DBCF00237D5E /* HomeViewController.xib in Resources */ = {isa = PBXBuildFile; fileRef = CD053AD12B73DBCF00237D5E /* HomeViewController.xib */; };
		CD053AD62B73DBFE00237D5E /* LoginViewController.swift in Sources */ = {isa = PBXBuildFile; fileRef = CD053AD42B73DBFE00237D5E /* LoginViewController.swift */; };
		CDD83F932B936C2E004F8EA2 /* LaunchScreen.storyboard in Resources */ = {isa = PBXBuildFile; fileRef = CDD83F922B936C2E004F8EA2 /* LaunchScreen.storyboard */; };
		CDD83F962B936FBE004F8EA2 /* Localizable.strings in Resources */ = {isa = PBXBuildFile; fileRef = CDD83F982B936FBE004F8EA2 /* Localizable.strings */; };
		CDD83FA02B9371A2004F8EA2 /* LoginViewController.xib in Resources */ = {isa = PBXBuildFile; fileRef = CDD83FA12B9371A2004F8EA2 /* LoginViewController.xib */; };
		CDD83FA42B9375A3004F8EA2 /* Address.swift in Sources */ = {isa = PBXBuildFile; fileRef = CDD83FA32B9375A3004F8EA2 /* Address.swift */; };
		CDD83FA62B9375D2004F8EA2 /* Driver.swift in Sources */ = {isa = PBXBuildFile; fileRef = CDD83FA52B9375D2004F8EA2 /* Driver.swift */; };
		CDD83FA82B937610004F8EA2 /* Round.swift in Sources */ = {isa = PBXBuildFile; fileRef = CDD83FA72B937610004F8EA2 /* Round.swift */; };
		CDD83FAA2B9376C9004F8EA2 /* Photo.swift in Sources */ = {isa = PBXBuildFile; fileRef = CDD83FA92B9376C9004F8EA2 /* Photo.swift */; };
		CDD83FAC2B937706004F8EA2 /* PhotoData.swift in Sources */ = {isa = PBXBuildFile; fileRef = CDD83FAB2B937706004F8EA2 /* PhotoData.swift */; };
		CDD83FAE2B93774E004F8EA2 /* Delivery.swift in Sources */ = {isa = PBXBuildFile; fileRef = CDD83FAD2B93774E004F8EA2 /* Delivery.swift */; };
		CDD83FB02B93775A004F8EA2 /* Customer.swift in Sources */ = {isa = PBXBuildFile; fileRef = CDD83FAF2B93775A004F8EA2 /* Customer.swift */; };
		CDD83FB32B93781D004F8EA2 /* DriverWebservice.swift in Sources */ = {isa = PBXBuildFile; fileRef = CDD83FB22B93781D004F8EA2 /* DriverWebservice.swift */; };
		CDD83FB62B937ADA004F8EA2 /* DriverFactory.swift in Sources */ = {isa = PBXBuildFile; fileRef = CDD83FB52B937ADA004F8EA2 /* DriverFactory.swift */; };
		CDD83FBF2B937EEE004F8EA2 /* Toast.swift in Sources */ = {isa = PBXBuildFile; fileRef = CDD83FBE2B937EEE004F8EA2 /* Toast.swift */; };
		CDD83FC12B93AF08004F8EA2 /* RoundWebservice.swift in Sources */ = {isa = PBXBuildFile; fileRef = CDD83FC02B93AF08004F8EA2 /* RoundWebservice.swift */; };
		CDD83FC32B93AFB8004F8EA2 /* RoundFactory.swift in Sources */ = {isa = PBXBuildFile; fileRef = CDD83FC22B93AFB8004F8EA2 /* RoundFactory.swift */; };
		CDD83FC62B93B818004F8EA2 /* DeliveryViewController.swift in Sources */ = {isa = PBXBuildFile; fileRef = CDD83FC42B93B818004F8EA2 /* DeliveryViewController.swift */; };
		CDD83FC72B93B818004F8EA2 /* DeliveryViewController.xib in Resources */ = {isa = PBXBuildFile; fileRef = CDD83FC52B93B818004F8EA2 /* DeliveryViewController.xib */; };
		CDD83FC92B94EA3F004F8EA2 /* DeliveryFactory.swift in Sources */ = {isa = PBXBuildFile; fileRef = CDD83FC82B94EA3F004F8EA2 /* DeliveryFactory.swift */; };
		CDD83FCB2B94EADC004F8EA2 /* PhotoFactory.swift in Sources */ = {isa = PBXBuildFile; fileRef = CDD83FCA2B94EADC004F8EA2 /* PhotoFactory.swift */; };
		CDD83FCD2B94EAFB004F8EA2 /* CustomerFactory.swift in Sources */ = {isa = PBXBuildFile; fileRef = CDD83FCC2B94EAFB004F8EA2 /* CustomerFactory.swift */; };
		CDD83FCF2B94EB0D004F8EA2 /* AddressFactory.swift in Sources */ = {isa = PBXBuildFile; fileRef = CDD83FCE2B94EB0D004F8EA2 /* AddressFactory.swift */; };
		CDD83FD12B951336004F8EA2 /* DeliveryWebservice.swift in Sources */ = {isa = PBXBuildFile; fileRef = CDD83FD02B951336004F8EA2 /* DeliveryWebservice.swift */; };
/* End PBXBuildFile section */

/* Begin PBXFileReference section */
		CD053AB92B73DB3D00237D5E /* FastDeliveryDriver.app */ = {isa = PBXFileReference; explicitFileType = wrapper.application; includeInIndex = 0; path = FastDeliveryDriver.app; sourceTree = BUILT_PRODUCTS_DIR; };
		CD053ABC2B73DB3D00237D5E /* AppDelegate.swift */ = {isa = PBXFileReference; lastKnownFileType = sourcecode.swift; path = AppDelegate.swift; sourceTree = "<group>"; };
		CD053AC52B73DB3E00237D5E /* Assets.xcassets */ = {isa = PBXFileReference; lastKnownFileType = folder.assetcatalog; path = Assets.xcassets; sourceTree = "<group>"; };
		CD053ACA2B73DB3E00237D5E /* Info.plist */ = {isa = PBXFileReference; lastKnownFileType = text.plist.xml; path = Info.plist; sourceTree = "<group>"; };
		CD053AD02B73DBCF00237D5E /* HomeViewController.swift */ = {isa = PBXFileReference; lastKnownFileType = sourcecode.swift; path = HomeViewController.swift; sourceTree = "<group>"; };
		CD053AD12B73DBCF00237D5E /* HomeViewController.xib */ = {isa = PBXFileReference; lastKnownFileType = file.xib; path = HomeViewController.xib; sourceTree = "<group>"; };
		CD053AD42B73DBFE00237D5E /* LoginViewController.swift */ = {isa = PBXFileReference; lastKnownFileType = sourcecode.swift; path = LoginViewController.swift; sourceTree = "<group>"; };
		CDD83F922B936C2E004F8EA2 /* LaunchScreen.storyboard */ = {isa = PBXFileReference; fileEncoding = 4; lastKnownFileType = file.storyboard; path = LaunchScreen.storyboard; sourceTree = "<group>"; };
		CDD83F972B936FBE004F8EA2 /* fr */ = {isa = PBXFileReference; lastKnownFileType = text.plist.strings; name = fr; path = fr.lproj/Localizable.strings; sourceTree = "<group>"; };
		CDD83F992B936FC1004F8EA2 /* en */ = {isa = PBXFileReference; lastKnownFileType = text.plist.strings; name = en; path = en.lproj/Localizable.strings; sourceTree = "<group>"; };
		CDD83F9A2B936FC2004F8EA2 /* es */ = {isa = PBXFileReference; lastKnownFileType = text.plist.strings; name = es; path = es.lproj/Localizable.strings; sourceTree = "<group>"; };
		CDD83FA12B9371A2004F8EA2 /* LoginViewController.xib */ = {isa = PBXFileReference; lastKnownFileType = file.xib; path = LoginViewController.xib; sourceTree = "<group>"; };
		CDD83FA32B9375A3004F8EA2 /* Address.swift */ = {isa = PBXFileReference; lastKnownFileType = sourcecode.swift; path = Address.swift; sourceTree = "<group>"; };
		CDD83FA52B9375D2004F8EA2 /* Driver.swift */ = {isa = PBXFileReference; lastKnownFileType = sourcecode.swift; path = Driver.swift; sourceTree = "<group>"; };
		CDD83FA72B937610004F8EA2 /* Round.swift */ = {isa = PBXFileReference; lastKnownFileType = sourcecode.swift; path = Round.swift; sourceTree = "<group>"; };
		CDD83FA92B9376C9004F8EA2 /* Photo.swift */ = {isa = PBXFileReference; lastKnownFileType = sourcecode.swift; path = Photo.swift; sourceTree = "<group>"; };
		CDD83FAB2B937706004F8EA2 /* PhotoData.swift */ = {isa = PBXFileReference; lastKnownFileType = sourcecode.swift; path = PhotoData.swift; sourceTree = "<group>"; };
		CDD83FAD2B93774E004F8EA2 /* Delivery.swift */ = {isa = PBXFileReference; lastKnownFileType = sourcecode.swift; path = Delivery.swift; sourceTree = "<group>"; };
		CDD83FAF2B93775A004F8EA2 /* Customer.swift */ = {isa = PBXFileReference; lastKnownFileType = sourcecode.swift; path = Customer.swift; sourceTree = "<group>"; };
		CDD83FB22B93781D004F8EA2 /* DriverWebservice.swift */ = {isa = PBXFileReference; lastKnownFileType = sourcecode.swift; path = DriverWebservice.swift; sourceTree = "<group>"; };
		CDD83FB52B937ADA004F8EA2 /* DriverFactory.swift */ = {isa = PBXFileReference; lastKnownFileType = sourcecode.swift; path = DriverFactory.swift; sourceTree = "<group>"; };
		CDD83FBE2B937EEE004F8EA2 /* Toast.swift */ = {isa = PBXFileReference; fileEncoding = 4; lastKnownFileType = sourcecode.swift; path = Toast.swift; sourceTree = "<group>"; };
		CDD83FC02B93AF08004F8EA2 /* RoundWebservice.swift */ = {isa = PBXFileReference; lastKnownFileType = sourcecode.swift; path = RoundWebservice.swift; sourceTree = "<group>"; };
		CDD83FC22B93AFB8004F8EA2 /* RoundFactory.swift */ = {isa = PBXFileReference; lastKnownFileType = sourcecode.swift; path = RoundFactory.swift; sourceTree = "<group>"; };
		CDD83FC42B93B818004F8EA2 /* DeliveryViewController.swift */ = {isa = PBXFileReference; lastKnownFileType = sourcecode.swift; path = DeliveryViewController.swift; sourceTree = "<group>"; };
		CDD83FC52B93B818004F8EA2 /* DeliveryViewController.xib */ = {isa = PBXFileReference; lastKnownFileType = file.xib; path = DeliveryViewController.xib; sourceTree = "<group>"; };
		CDD83FC82B94EA3F004F8EA2 /* DeliveryFactory.swift */ = {isa = PBXFileReference; lastKnownFileType = sourcecode.swift; path = DeliveryFactory.swift; sourceTree = "<group>"; };
		CDD83FCA2B94EADC004F8EA2 /* PhotoFactory.swift */ = {isa = PBXFileReference; lastKnownFileType = sourcecode.swift; path = PhotoFactory.swift; sourceTree = "<group>"; };
		CDD83FCC2B94EAFB004F8EA2 /* CustomerFactory.swift */ = {isa = PBXFileReference; lastKnownFileType = sourcecode.swift; path = CustomerFactory.swift; sourceTree = "<group>"; };
		CDD83FCE2B94EB0D004F8EA2 /* AddressFactory.swift */ = {isa = PBXFileReference; lastKnownFileType = sourcecode.swift; path = AddressFactory.swift; sourceTree = "<group>"; };
		CDD83FD02B951336004F8EA2 /* DeliveryWebservice.swift */ = {isa = PBXFileReference; lastKnownFileType = sourcecode.swift; path = DeliveryWebservice.swift; sourceTree = "<group>"; };
/* End PBXFileReference section */

/* Begin PBXFrameworksBuildPhase section */
		CD053AB62B73DB3D00237D5E /* Frameworks */ = {
			isa = PBXFrameworksBuildPhase;
			buildActionMask = 2147483647;
			files = (
			);
			runOnlyForDeploymentPostprocessing = 0;
		};
/* End PBXFrameworksBuildPhase section */

/* Begin PBXGroup section */
		CD053AB02B73DB3D00237D5E = {
			isa = PBXGroup;
			children = (
				CD053ABB2B73DB3D00237D5E /* FastDeliveryDriver */,
				CD053ABA2B73DB3D00237D5E /* Products */,
			);
			sourceTree = "<group>";
		};
		CD053ABA2B73DB3D00237D5E /* Products */ = {
			isa = PBXGroup;
			children = (
				CD053AB92B73DB3D00237D5E /* FastDeliveryDriver.app */,
			);
			name = Products;
			sourceTree = "<group>";
		};
		CD053ABB2B73DB3D00237D5E /* FastDeliveryDriver */ = {
			isa = PBXGroup;
			children = (
				CDD83FB42B937ABE004F8EA2 /* Factories */,
				CDD83FB12B93780C004F8EA2 /* Webservices */,
				CDD83FA22B937596004F8EA2 /* Models */,
				CDD83FBE2B937EEE004F8EA2 /* Toast.swift */,
				CD053ABC2B73DB3D00237D5E /* AppDelegate.swift */,
				CD053AC52B73DB3E00237D5E /* Assets.xcassets */,
				CD053ACA2B73DB3E00237D5E /* Info.plist */,
				CD053AD02B73DBCF00237D5E /* HomeViewController.swift */,
				CD053AD12B73DBCF00237D5E /* HomeViewController.xib */,
				CD053AD42B73DBFE00237D5E /* LoginViewController.swift */,
				CDD83FA12B9371A2004F8EA2 /* LoginViewController.xib */,
				CDD83F922B936C2E004F8EA2 /* LaunchScreen.storyboard */,
				CDD83F982B936FBE004F8EA2 /* Localizable.strings */,
				CDD83FC42B93B818004F8EA2 /* DeliveryViewController.swift */,
				CDD83FC52B93B818004F8EA2 /* DeliveryViewController.xib */,
			);
			path = FastDeliveryDriver;
			sourceTree = "<group>";
		};
		CDD83FA22B937596004F8EA2 /* Models */ = {
			isa = PBXGroup;
			children = (
				CDD83FA32B9375A3004F8EA2 /* Address.swift */,
				CDD83FA52B9375D2004F8EA2 /* Driver.swift */,
				CDD83FA72B937610004F8EA2 /* Round.swift */,
				CDD83FA92B9376C9004F8EA2 /* Photo.swift */,
				CDD83FAB2B937706004F8EA2 /* PhotoData.swift */,
				CDD83FAD2B93774E004F8EA2 /* Delivery.swift */,
				CDD83FAF2B93775A004F8EA2 /* Customer.swift */,
			);
			path = Models;
			sourceTree = "<group>";
		};
		CDD83FB12B93780C004F8EA2 /* Webservices */ = {
			isa = PBXGroup;
			children = (
				CDD83FB22B93781D004F8EA2 /* DriverWebservice.swift */,
				CDD83FC02B93AF08004F8EA2 /* RoundWebservice.swift */,
				CDD83FD02B951336004F8EA2 /* DeliveryWebservice.swift */,
			);
			path = Webservices;
			sourceTree = "<group>";
		};
		CDD83FB42B937ABE004F8EA2 /* Factories */ = {
			isa = PBXGroup;
			children = (
				CDD83FB52B937ADA004F8EA2 /* DriverFactory.swift */,
				CDD83FC22B93AFB8004F8EA2 /* RoundFactory.swift */,
				CDD83FC82B94EA3F004F8EA2 /* DeliveryFactory.swift */,
				CDD83FCA2B94EADC004F8EA2 /* PhotoFactory.swift */,
				CDD83FCC2B94EAFB004F8EA2 /* CustomerFactory.swift */,
				CDD83FCE2B94EB0D004F8EA2 /* AddressFactory.swift */,
			);
			path = Factories;
			sourceTree = "<group>";
		};
/* End PBXGroup section */

/* Begin PBXNativeTarget section */
		CD053AB82B73DB3D00237D5E /* FastDeliveryDriver */ = {
			isa = PBXNativeTarget;
			buildConfigurationList = CD053ACD2B73DB3E00237D5E /* Build configuration list for PBXNativeTarget "FastDeliveryDriver" */;
			buildPhases = (
				CD053AB52B73DB3D00237D5E /* Sources */,
				CD053AB62B73DB3D00237D5E /* Frameworks */,
				CD053AB72B73DB3D00237D5E /* Resources */,
			);
			buildRules = (
			);
			dependencies = (
			);
			name = FastDeliveryDriver;
			productName = FastDeliveryDriver;
			productReference = CD053AB92B73DB3D00237D5E /* FastDeliveryDriver.app */;
			productType = "com.apple.product-type.application";
		};
/* End PBXNativeTarget section */

/* Begin PBXProject section */
		CD053AB12B73DB3D00237D5E /* Project object */ = {
			isa = PBXProject;
			attributes = {
				BuildIndependentTargetsInParallel = 1;
				LastSwiftUpdateCheck = 1420;
				LastUpgradeCheck = 1420;
				TargetAttributes = {
					CD053AB82B73DB3D00237D5E = {
						CreatedOnToolsVersion = 14.2;
					};
				};
			};
			buildConfigurationList = CD053AB42B73DB3D00237D5E /* Build configuration list for PBXProject "FastDeliveryDriver" */;
			compatibilityVersion = "Xcode 14.0";
			developmentRegion = fr;
			hasScannedForEncodings = 0;
			knownRegions = (
				fr,
				en,
				es,
			);
			mainGroup = CD053AB02B73DB3D00237D5E;
			productRefGroup = CD053ABA2B73DB3D00237D5E /* Products */;
			projectDirPath = "";
			projectRoot = "";
			targets = (
				CD053AB82B73DB3D00237D5E /* FastDeliveryDriver */,
			);
		};
/* End PBXProject section */

/* Begin PBXResourcesBuildPhase section */
		CD053AB72B73DB3D00237D5E /* Resources */ = {
			isa = PBXResourcesBuildPhase;
			buildActionMask = 2147483647;
			files = (
				CDD83F962B936FBE004F8EA2 /* Localizable.strings in Resources */,
				CDD83FA02B9371A2004F8EA2 /* LoginViewController.xib in Resources */,
				CDD83FC72B93B818004F8EA2 /* DeliveryViewController.xib in Resources */,
				CDD83F932B936C2E004F8EA2 /* LaunchScreen.storyboard in Resources */,
				CD053AC62B73DB3E00237D5E /* Assets.xcassets in Resources */,
				CD053AD32B73DBCF00237D5E /* HomeViewController.xib in Resources */,
			);
			runOnlyForDeploymentPostprocessing = 0;
		};
/* End PBXResourcesBuildPhase section */

/* Begin PBXSourcesBuildPhase section */
		CD053AB52B73DB3D00237D5E /* Sources */ = {
			isa = PBXSourcesBuildPhase;
			buildActionMask = 2147483647;
			files = (
				CDD83FC32B93AFB8004F8EA2 /* RoundFactory.swift in Sources */,
				CDD83FBF2B937EEE004F8EA2 /* Toast.swift in Sources */,
				CDD83FAA2B9376C9004F8EA2 /* Photo.swift in Sources */,
				CDD83FCB2B94EADC004F8EA2 /* PhotoFactory.swift in Sources */,
				CDD83FB32B93781D004F8EA2 /* DriverWebservice.swift in Sources */,
				CDD83FCF2B94EB0D004F8EA2 /* AddressFactory.swift in Sources */,
				CDD83FB02B93775A004F8EA2 /* Customer.swift in Sources */,
				CDD83FA62B9375D2004F8EA2 /* Driver.swift in Sources */,
				CD053AD62B73DBFE00237D5E /* LoginViewController.swift in Sources */,
				CD053ABD2B73DB3D00237D5E /* AppDelegate.swift in Sources */,
				CDD83FCD2B94EAFB004F8EA2 /* CustomerFactory.swift in Sources */,
				CDD83FA42B9375A3004F8EA2 /* Address.swift in Sources */,
				CDD83FA82B937610004F8EA2 /* Round.swift in Sources */,
				CDD83FC62B93B818004F8EA2 /* DeliveryViewController.swift in Sources */,
				CDD83FC92B94EA3F004F8EA2 /* DeliveryFactory.swift in Sources */,
				CDD83FD12B951336004F8EA2 /* DeliveryWebservice.swift in Sources */,
				CDD83FAC2B937706004F8EA2 /* PhotoData.swift in Sources */,
				CDD83FAE2B93774E004F8EA2 /* Delivery.swift in Sources */,
				CDD83FB62B937ADA004F8EA2 /* DriverFactory.swift in Sources */,
				CD053AD22B73DBCF00237D5E /* HomeViewController.swift in Sources */,
				CDD83FC12B93AF08004F8EA2 /* RoundWebservice.swift in Sources */,
			);
			runOnlyForDeploymentPostprocessing = 0;
		};
/* End PBXSourcesBuildPhase section */

/* Begin PBXVariantGroup section */
		CDD83F982B936FBE004F8EA2 /* Localizable.strings */ = {
			isa = PBXVariantGroup;
			children = (
				CDD83F972B936FBE004F8EA2 /* fr */,
				CDD83F992B936FC1004F8EA2 /* en */,
				CDD83F9A2B936FC2004F8EA2 /* es */,
			);
			name = Localizable.strings;
			sourceTree = "<group>";
		};
/* End PBXVariantGroup section */

/* Begin XCBuildConfiguration section */
		CD053ACB2B73DB3E00237D5E /* Debug */ = {
			isa = XCBuildConfiguration;
			buildSettings = {
				ALWAYS_SEARCH_USER_PATHS = NO;
				CLANG_ANALYZER_NONNULL = YES;
				CLANG_ANALYZER_NUMBER_OBJECT_CONVERSION = YES_AGGRESSIVE;
				CLANG_CXX_LANGUAGE_STANDARD = "gnu++20";
				CLANG_ENABLE_MODULES = YES;
				CLANG_ENABLE_OBJC_ARC = YES;
				CLANG_ENABLE_OBJC_WEAK = YES;
				CLANG_WARN_BLOCK_CAPTURE_AUTORELEASING = YES;
				CLANG_WARN_BOOL_CONVERSION = YES;
				CLANG_WARN_COMMA = YES;
				CLANG_WARN_CONSTANT_CONVERSION = YES;
				CLANG_WARN_DEPRECATED_OBJC_IMPLEMENTATIONS = YES;
				CLANG_WARN_DIRECT_OBJC_ISA_USAGE = YES_ERROR;
				CLANG_WARN_DOCUMENTATION_COMMENTS = YES;
				CLANG_WARN_EMPTY_BODY = YES;
				CLANG_WARN_ENUM_CONVERSION = YES;
				CLANG_WARN_INFINITE_RECURSION = YES;
				CLANG_WARN_INT_CONVERSION = YES;
				CLANG_WARN_NON_LITERAL_NULL_CONVERSION = YES;
				CLANG_WARN_OBJC_IMPLICIT_RETAIN_SELF = YES;
				CLANG_WARN_OBJC_LITERAL_CONVERSION = YES;
				CLANG_WARN_OBJC_ROOT_CLASS = YES_ERROR;
				CLANG_WARN_QUOTED_INCLUDE_IN_FRAMEWORK_HEADER = YES;
				CLANG_WARN_RANGE_LOOP_ANALYSIS = YES;
				CLANG_WARN_STRICT_PROTOTYPES = YES;
				CLANG_WARN_SUSPICIOUS_MOVE = YES;
				CLANG_WARN_UNGUARDED_AVAILABILITY = YES_AGGRESSIVE;
				CLANG_WARN_UNREACHABLE_CODE = YES;
				CLANG_WARN__DUPLICATE_METHOD_MATCH = YES;
				COPY_PHASE_STRIP = NO;
				DEBUG_INFORMATION_FORMAT = dwarf;
				ENABLE_STRICT_OBJC_MSGSEND = YES;
				ENABLE_TESTABILITY = YES;
				GCC_C_LANGUAGE_STANDARD = gnu11;
				GCC_DYNAMIC_NO_PIC = NO;
				GCC_NO_COMMON_BLOCKS = YES;
				GCC_OPTIMIZATION_LEVEL = 0;
				GCC_PREPROCESSOR_DEFINITIONS = (
					"DEBUG=1",
					"$(inherited)",
				);
				GCC_WARN_64_TO_32_BIT_CONVERSION = YES;
				GCC_WARN_ABOUT_RETURN_TYPE = YES_ERROR;
				GCC_WARN_UNDECLARED_SELECTOR = YES;
				GCC_WARN_UNINITIALIZED_AUTOS = YES_AGGRESSIVE;
				GCC_WARN_UNUSED_FUNCTION = YES;
				GCC_WARN_UNUSED_VARIABLE = YES;
				IPHONEOS_DEPLOYMENT_TARGET = 16.2;
				MTL_ENABLE_DEBUG_INFO = INCLUDE_SOURCE;
				MTL_FAST_MATH = YES;
				ONLY_ACTIVE_ARCH = YES;
				SDKROOT = iphoneos;
				SWIFT_ACTIVE_COMPILATION_CONDITIONS = DEBUG;
				SWIFT_OPTIMIZATION_LEVEL = "-Onone";
			};
			name = Debug;
		};
		CD053ACC2B73DB3E00237D5E /* Release */ = {
			isa = XCBuildConfiguration;
			buildSettings = {
				ALWAYS_SEARCH_USER_PATHS = NO;
				CLANG_ANALYZER_NONNULL = YES;
				CLANG_ANALYZER_NUMBER_OBJECT_CONVERSION = YES_AGGRESSIVE;
				CLANG_CXX_LANGUAGE_STANDARD = "gnu++20";
				CLANG_ENABLE_MODULES = YES;
				CLANG_ENABLE_OBJC_ARC = YES;
				CLANG_ENABLE_OBJC_WEAK = YES;
				CLANG_WARN_BLOCK_CAPTURE_AUTORELEASING = YES;
				CLANG_WARN_BOOL_CONVERSION = YES;
				CLANG_WARN_COMMA = YES;
				CLANG_WARN_CONSTANT_CONVERSION = YES;
				CLANG_WARN_DEPRECATED_OBJC_IMPLEMENTATIONS = YES;
				CLANG_WARN_DIRECT_OBJC_ISA_USAGE = YES_ERROR;
				CLANG_WARN_DOCUMENTATION_COMMENTS = YES;
				CLANG_WARN_EMPTY_BODY = YES;
				CLANG_WARN_ENUM_CONVERSION = YES;
				CLANG_WARN_INFINITE_RECURSION = YES;
				CLANG_WARN_INT_CONVERSION = YES;
				CLANG_WARN_NON_LITERAL_NULL_CONVERSION = YES;
				CLANG_WARN_OBJC_IMPLICIT_RETAIN_SELF = YES;
				CLANG_WARN_OBJC_LITERAL_CONVERSION = YES;
				CLANG_WARN_OBJC_ROOT_CLASS = YES_ERROR;
				CLANG_WARN_QUOTED_INCLUDE_IN_FRAMEWORK_HEADER = YES;
				CLANG_WARN_RANGE_LOOP_ANALYSIS = YES;
				CLANG_WARN_STRICT_PROTOTYPES = YES;
				CLANG_WARN_SUSPICIOUS_MOVE = YES;
				CLANG_WARN_UNGUARDED_AVAILABILITY = YES_AGGRESSIVE;
				CLANG_WARN_UNREACHABLE_CODE = YES;
				CLANG_WARN__DUPLICATE_METHOD_MATCH = YES;
				COPY_PHASE_STRIP = NO;
				DEBUG_INFORMATION_FORMAT = "dwarf-with-dsym";
				ENABLE_NS_ASSERTIONS = NO;
				ENABLE_STRICT_OBJC_MSGSEND = YES;
				GCC_C_LANGUAGE_STANDARD = gnu11;
				GCC_NO_COMMON_BLOCKS = YES;
				GCC_WARN_64_TO_32_BIT_CONVERSION = YES;
				GCC_WARN_ABOUT_RETURN_TYPE = YES_ERROR;
				GCC_WARN_UNDECLARED_SELECTOR = YES;
				GCC_WARN_UNINITIALIZED_AUTOS = YES_AGGRESSIVE;
				GCC_WARN_UNUSED_FUNCTION = YES;
				GCC_WARN_UNUSED_VARIABLE = YES;
				IPHONEOS_DEPLOYMENT_TARGET = 16.2;
				MTL_ENABLE_DEBUG_INFO = NO;
				MTL_FAST_MATH = YES;
				SDKROOT = iphoneos;
				SWIFT_COMPILATION_MODE = wholemodule;
				SWIFT_OPTIMIZATION_LEVEL = "-O";
				VALIDATE_PRODUCT = YES;
			};
			name = Release;
		};
		CD053ACE2B73DB3E00237D5E /* Debug */ = {
			isa = XCBuildConfiguration;
			buildSettings = {
				ASSETCATALOG_COMPILER_APPICON_NAME = AppIcon;
				ASSETCATALOG_COMPILER_GLOBAL_ACCENT_COLOR_NAME = AccentColor;
				CODE_SIGN_STYLE = Automatic;
				CURRENT_PROJECT_VERSION = 1;
				GENERATE_INFOPLIST_FILE = YES;
				INFOPLIST_FILE = FastDeliveryDriver/Info.plist;
				INFOPLIST_KEY_NSLocationWhenInUseUsageDescription = "L'application a besoin de cette permission pour...";
				INFOPLIST_KEY_UIApplicationSupportsIndirectInputEvents = YES;
				INFOPLIST_KEY_UILaunchStoryboardName = LaunchScreen;
				INFOPLIST_KEY_UISupportedInterfaceOrientations_iPad = "UIInterfaceOrientationPortrait UIInterfaceOrientationPortraitUpsideDown UIInterfaceOrientationLandscapeLeft UIInterfaceOrientationLandscapeRight";
				INFOPLIST_KEY_UISupportedInterfaceOrientations_iPhone = "UIInterfaceOrientationPortrait UIInterfaceOrientationLandscapeLeft UIInterfaceOrientationLandscapeRight";
				IPHONEOS_DEPLOYMENT_TARGET = 12.0;
				LD_RUNPATH_SEARCH_PATHS = (
					"$(inherited)",
					"@executable_path/Frameworks",
				);
				MARKETING_VERSION = 1.0;
				PRODUCT_BUNDLE_IDENTIFIER = com.example..FastDeliveryDriver;
				PRODUCT_NAME = "$(TARGET_NAME)";
				SWIFT_EMIT_LOC_STRINGS = YES;
				SWIFT_VERSION = 5.0;
				TARGETED_DEVICE_FAMILY = "1,2";
			};
			name = Debug;
		};
		CD053ACF2B73DB3E00237D5E /* Release */ = {
			isa = XCBuildConfiguration;
			buildSettings = {
				ASSETCATALOG_COMPILER_APPICON_NAME = AppIcon;
				ASSETCATALOG_COMPILER_GLOBAL_ACCENT_COLOR_NAME = AccentColor;
				CODE_SIGN_STYLE = Automatic;
				CURRENT_PROJECT_VERSION = 1;
				GENERATE_INFOPLIST_FILE = YES;
				INFOPLIST_FILE = FastDeliveryDriver/Info.plist;
				INFOPLIST_KEY_NSLocationWhenInUseUsageDescription = "L'application a besoin de cette permission pour...";
				INFOPLIST_KEY_UIApplicationSupportsIndirectInputEvents = YES;
				INFOPLIST_KEY_UILaunchStoryboardName = LaunchScreen;
				INFOPLIST_KEY_UISupportedInterfaceOrientations_iPad = "UIInterfaceOrientationPortrait UIInterfaceOrientationPortraitUpsideDown UIInterfaceOrientationLandscapeLeft UIInterfaceOrientationLandscapeRight";
				INFOPLIST_KEY_UISupportedInterfaceOrientations_iPhone = "UIInterfaceOrientationPortrait UIInterfaceOrientationLandscapeLeft UIInterfaceOrientationLandscapeRight";
				IPHONEOS_DEPLOYMENT_TARGET = 12.0;
				LD_RUNPATH_SEARCH_PATHS = (
					"$(inherited)",
					"@executable_path/Frameworks",
				);
				MARKETING_VERSION = 1.0;
				PRODUCT_BUNDLE_IDENTIFIER = com.example..FastDeliveryDriver;
				PRODUCT_NAME = "$(TARGET_NAME)";
				SWIFT_EMIT_LOC_STRINGS = YES;
				SWIFT_VERSION = 5.0;
				TARGETED_DEVICE_FAMILY = "1,2";
			};
			name = Release;
		};
/* End XCBuildConfiguration section */

/* Begin XCConfigurationList section */
		CD053AB42B73DB3D00237D5E /* Build configuration list for PBXProject "FastDeliveryDriver" */ = {
			isa = XCConfigurationList;
			buildConfigurations = (
				CD053ACB2B73DB3E00237D5E /* Debug */,
				CD053ACC2B73DB3E00237D5E /* Release */,
			);
			defaultConfigurationIsVisible = 0;
			defaultConfigurationName = Release;
		};
		CD053ACD2B73DB3E00237D5E /* Build configuration list for PBXNativeTarget "FastDeliveryDriver" */ = {
			isa = XCConfigurationList;
			buildConfigurations = (
				CD053ACE2B73DB3E00237D5E /* Debug */,
				CD053ACF2B73DB3E00237D5E /* Release */,
			);
			defaultConfigurationIsVisible = 0;
			defaultConfigurationName = Release;
		};
/* End XCConfigurationList section */
	};
	rootObject = CD053AB12B73DB3D00237D5E /* Project object */;
}
